
Microsoft Visual Studio Solution File, Format Version 12.00
# Visual Studio Version 17
VisualStudioVersion = 17.7.34031.279
MinimumVisualStudioVersion = 10.0.40219.1
Project("{2150E333-8FDC-42A3-9474-1A3956D46DE8}") = "01 Kintamieji", "01 Kintamieji", "{24F3593F-61B0-4FC8-9B0C-0B103862884F}"
EndProject
Project("{FAE04EC0-301F-11D3-BF4B-00C04F79EFBC}") = "Namu_darbas_kintamieji", "Namu_darbas\Namu_darbas_kintamieji.csproj", "{8E701973-9205-4BF5-8087-518552779B55}"
EndProject
Project("{2150E333-8FDC-42A3-9474-1A3956D46DE8}") = "02 Isvedimai", "02 Isvedimai", "{860BE41E-F7B2-4650-AEA6-2735EFD738C1}"
EndProject
Project("{FAE04EC0-301F-11D3-BF4B-00C04F79EFBC}") = "Uzduotis_1_6", "ConsoleApp2\Uzduotis_1_6.csproj", "{4A808CBC-5EB4-49ED-A512-EB3E5B1D6166}"
EndProject
Project("{2150E333-8FDC-42A3-9474-1A3956D46DE8}") = "03 Namu darbas 7-20", "03 Namu darbas 7-20", "{9ACA977C-8C88-44E4-9A51-3E7C4E1D0BBC}"
EndProject
Project("{FAE04EC0-301F-11D3-BF4B-00C04F79EFBC}") = "07_uzduotis", "ConsoleApp1\07_uzduotis.csproj", "{6CFE67B3-B84E-4041-9348-341891D0D324}"
EndProject
Project("{FAE04EC0-301F-11D3-BF4B-00C04F79EFBC}") = "09_uzduotis", "ConsoleApp2\09_uzduotis.csproj", "{38C2710C-66A7-4C22-93E4-7F2A3DDAA7E6}"
EndProject
Project("{FAE04EC0-301F-11D3-BF4B-00C04F79EFBC}") = "10_uzduotis", "ConsoleApp3\10_uzduotis.csproj", "{24255115-9E69-441E-B9F4-77B9204D63E9}"
EndProject
Project("{FAE04EC0-301F-11D3-BF4B-00C04F79EFBC}") = "11_uzduotis", "ConsoleApp4\11_uzduotis.csproj", "{5352BDEE-EFB7-4857-8EA5-222B66E90FB4}"
EndProject
Project("{FAE04EC0-301F-11D3-BF4B-00C04F79EFBC}") = "12_uzduotis", "ConsoleApp5\12_uzduotis.csproj", "{B5F0592F-E83C-43DE-8299-613E8CE69B91}"
EndProject
Project("{FAE04EC0-301F-11D3-BF4B-00C04F79EFBC}") = "13_uzduotis", "13_uzduotis\13_uzduotis.csproj", "{D7578210-736C-4648-8A29-0BE24ADAFD50}"
EndProject
Project("{FAE04EC0-301F-11D3-BF4B-00C04F79EFBC}") = "14_uzduotis", "14_uzduotis\14_uzduotis.csproj", "{34C63E77-F839-4235-9844-40C013FBBCC6}"
EndProject
Project("{FAE04EC0-301F-11D3-BF4B-00C04F79EFBC}") = "15_uzduotis", "15_uzduotis\15_uzduotis.csproj", "{9051A66D-14D8-4625-8F14-BDC55EC5A8D8}"
EndProject
Project("{FAE04EC0-301F-11D3-BF4B-00C04F79EFBC}") = "16_uzduotis", "16_uzduotis\16_uzduotis.csproj", "{8A5BDC24-4340-4337-A046-E132B7E6FE92}"
EndProject
Project("{FAE04EC0-301F-11D3-BF4B-00C04F79EFBC}") = "17_uzduotis", "17_uzduotis\17_uzduotis.csproj", "{E6576881-D096-4AD6-9E55-5DAAF9C0676E}"
EndProject
Project("{2150E333-8FDC-42A3-9474-1A3956D46DE8}") = "04 Namu darbas 20-35", "04 Namu darbas 20-35", "{526710EA-6F0A-4FA2-B2A9-5DFE800C199A}"
EndProject
Project("{FAE04EC0-301F-11D3-BF4B-00C04F79EFBC}") = "20_uzduotis", "20_uzduotis\20_uzduotis.csproj", "{A29A8DAD-859B-4B64-83AA-4FDD3B530018}"
EndProject
Project("{FAE04EC0-301F-11D3-BF4B-00C04F79EFBC}") = "21_uzduotis", "21_uzduotis\21_uzduotis.csproj", "{4472ED80-B987-4B84-8663-33C90C96F328}"
EndProject
Project("{FAE04EC0-301F-11D3-BF4B-00C04F79EFBC}") = "22_uzduotis", "22_uzduotis\22_uzduotis.csproj", "{E9C2DAED-753B-4ED7-8695-C0D24B138CA0}"
EndProject
Project("{FAE04EC0-301F-11D3-BF4B-00C04F79EFBC}") = "23_uzduotis", "23_uzduotis\23_uzduotis.csproj", "{42927855-5DE7-4FDC-83B3-CA2B17689DC3}"
EndProject
Project("{FAE04EC0-301F-11D3-BF4B-00C04F79EFBC}") = "24_uzduotis", "24_uzduotis\24_uzduotis.csproj", "{53867542-9280-41AE-A02B-94CE0B371E1C}"
EndProject
Project("{FAE04EC0-301F-11D3-BF4B-00C04F79EFBC}") = "25_uzduotis", "25_uzduotis\25_uzduotis.csproj", "{1DF9B3F0-1295-41DA-AFA7-84C0D16201B4}"
EndProject
Project("{FAE04EC0-301F-11D3-BF4B-00C04F79EFBC}") = "26_uzduotis", "26_uzduotis\26_uzduotis.csproj", "{9A77B3A3-406E-411F-B1FA-035FB0DFB7BC}"
EndProject
Project("{FAE04EC0-301F-11D3-BF4B-00C04F79EFBC}") = "27_uzduotis", "27_uzduotis\27_uzduotis.csproj", "{25E4B7A9-4200-40C9-8452-47BA17D25346}"
EndProject
Project("{FAE04EC0-301F-11D3-BF4B-00C04F79EFBC}") = "28_uzduotis", "28_uzduotis\28_uzduotis.csproj", "{91BA40C8-CA48-469C-91CC-3699EE63B25D}"
EndProject
Project("{FAE04EC0-301F-11D3-BF4B-00C04F79EFBC}") = "29_uzduotis", "29_uzduotis\29_uzduotis.csproj", "{27156135-4FD9-4462-ABE3-385AA45EA07E}"
EndProject
Project("{FAE04EC0-301F-11D3-BF4B-00C04F79EFBC}") = "30_uzduotis", "30_uzduotis\30_uzduotis.csproj", "{51C75F23-8B46-40C5-954E-CFB1B9456F16}"
EndProject
Global
	GlobalSection(SolutionConfigurationPlatforms) = preSolution
		Debug|Any CPU = Debug|Any CPU
		Release|Any CPU = Release|Any CPU
	EndGlobalSection
	GlobalSection(ProjectConfigurationPlatforms) = postSolution
		{8E701973-9205-4BF5-8087-518552779B55}.Debug|Any CPU.ActiveCfg = Debug|Any CPU
		{8E701973-9205-4BF5-8087-518552779B55}.Debug|Any CPU.Build.0 = Debug|Any CPU
		{8E701973-9205-4BF5-8087-518552779B55}.Release|Any CPU.ActiveCfg = Release|Any CPU
		{8E701973-9205-4BF5-8087-518552779B55}.Release|Any CPU.Build.0 = Release|Any CPU
		{4A808CBC-5EB4-49ED-A512-EB3E5B1D6166}.Debug|Any CPU.ActiveCfg = Debug|Any CPU
		{4A808CBC-5EB4-49ED-A512-EB3E5B1D6166}.Debug|Any CPU.Build.0 = Debug|Any CPU
		{4A808CBC-5EB4-49ED-A512-EB3E5B1D6166}.Release|Any CPU.ActiveCfg = Release|Any CPU
		{4A808CBC-5EB4-49ED-A512-EB3E5B1D6166}.Release|Any CPU.Build.0 = Release|Any CPU
		{6CFE67B3-B84E-4041-9348-341891D0D324}.Debug|Any CPU.ActiveCfg = Debug|Any CPU
		{6CFE67B3-B84E-4041-9348-341891D0D324}.Debug|Any CPU.Build.0 = Debug|Any CPU
		{6CFE67B3-B84E-4041-9348-341891D0D324}.Release|Any CPU.ActiveCfg = Release|Any CPU
		{6CFE67B3-B84E-4041-9348-341891D0D324}.Release|Any CPU.Build.0 = Release|Any CPU
		{38C2710C-66A7-4C22-93E4-7F2A3DDAA7E6}.Debug|Any CPU.ActiveCfg = Debug|Any CPU
		{38C2710C-66A7-4C22-93E4-7F2A3DDAA7E6}.Debug|Any CPU.Build.0 = Debug|Any CPU
		{38C2710C-66A7-4C22-93E4-7F2A3DDAA7E6}.Release|Any CPU.ActiveCfg = Release|Any CPU
		{38C2710C-66A7-4C22-93E4-7F2A3DDAA7E6}.Release|Any CPU.Build.0 = Release|Any CPU
		{24255115-9E69-441E-B9F4-77B9204D63E9}.Debug|Any CPU.ActiveCfg = Debug|Any CPU
		{24255115-9E69-441E-B9F4-77B9204D63E9}.Debug|Any CPU.Build.0 = Debug|Any CPU
		{24255115-9E69-441E-B9F4-77B9204D63E9}.Release|Any CPU.ActiveCfg = Release|Any CPU
		{24255115-9E69-441E-B9F4-77B9204D63E9}.Release|Any CPU.Build.0 = Release|Any CPU
		{5352BDEE-EFB7-4857-8EA5-222B66E90FB4}.Debug|Any CPU.ActiveCfg = Debug|Any CPU
		{5352BDEE-EFB7-4857-8EA5-222B66E90FB4}.Debug|Any CPU.Build.0 = Debug|Any CPU
		{5352BDEE-EFB7-4857-8EA5-222B66E90FB4}.Release|Any CPU.ActiveCfg = Release|Any CPU
		{5352BDEE-EFB7-4857-8EA5-222B66E90FB4}.Release|Any CPU.Build.0 = Release|Any CPU
		{B5F0592F-E83C-43DE-8299-613E8CE69B91}.Debug|Any CPU.ActiveCfg = Debug|Any CPU
		{B5F0592F-E83C-43DE-8299-613E8CE69B91}.Debug|Any CPU.Build.0 = Debug|Any CPU
		{B5F0592F-E83C-43DE-8299-613E8CE69B91}.Release|Any CPU.ActiveCfg = Release|Any CPU
		{B5F0592F-E83C-43DE-8299-613E8CE69B91}.Release|Any CPU.Build.0 = Release|Any CPU
		{D7578210-736C-4648-8A29-0BE24ADAFD50}.Debug|Any CPU.ActiveCfg = Debug|Any CPU
		{D7578210-736C-4648-8A29-0BE24ADAFD50}.Debug|Any CPU.Build.0 = Debug|Any CPU
		{D7578210-736C-4648-8A29-0BE24ADAFD50}.Release|Any CPU.ActiveCfg = Release|Any CPU
		{D7578210-736C-4648-8A29-0BE24ADAFD50}.Release|Any CPU.Build.0 = Release|Any CPU
		{34C63E77-F839-4235-9844-40C013FBBCC6}.Debug|Any CPU.ActiveCfg = Debug|Any CPU
		{34C63E77-F839-4235-9844-40C013FBBCC6}.Debug|Any CPU.Build.0 = Debug|Any CPU
		{34C63E77-F839-4235-9844-40C013FBBCC6}.Release|Any CPU.ActiveCfg = Release|Any CPU
		{34C63E77-F839-4235-9844-40C013FBBCC6}.Release|Any CPU.Build.0 = Release|Any CPU
		{9051A66D-14D8-4625-8F14-BDC55EC5A8D8}.Debug|Any CPU.ActiveCfg = Debug|Any CPU
		{9051A66D-14D8-4625-8F14-BDC55EC5A8D8}.Debug|Any CPU.Build.0 = Debug|Any CPU
		{9051A66D-14D8-4625-8F14-BDC55EC5A8D8}.Release|Any CPU.ActiveCfg = Release|Any CPU
		{9051A66D-14D8-4625-8F14-BDC55EC5A8D8}.Release|Any CPU.Build.0 = Release|Any CPU
		{8A5BDC24-4340-4337-A046-E132B7E6FE92}.Debug|Any CPU.ActiveCfg = Debug|Any CPU
		{8A5BDC24-4340-4337-A046-E132B7E6FE92}.Debug|Any CPU.Build.0 = Debug|Any CPU
		{8A5BDC24-4340-4337-A046-E132B7E6FE92}.Release|Any CPU.ActiveCfg = Release|Any CPU
		{8A5BDC24-4340-4337-A046-E132B7E6FE92}.Release|Any CPU.Build.0 = Release|Any CPU
		{E6576881-D096-4AD6-9E55-5DAAF9C0676E}.Debug|Any CPU.ActiveCfg = Debug|Any CPU
		{E6576881-D096-4AD6-9E55-5DAAF9C0676E}.Debug|Any CPU.Build.0 = Debug|Any CPU
		{E6576881-D096-4AD6-9E55-5DAAF9C0676E}.Release|Any CPU.ActiveCfg = Release|Any CPU
		{E6576881-D096-4AD6-9E55-5DAAF9C0676E}.Release|Any CPU.Build.0 = Release|Any CPU
		{A29A8DAD-859B-4B64-83AA-4FDD3B530018}.Debug|Any CPU.ActiveCfg = Debug|Any CPU
		{A29A8DAD-859B-4B64-83AA-4FDD3B530018}.Debug|Any CPU.Build.0 = Debug|Any CPU
		{A29A8DAD-859B-4B64-83AA-4FDD3B530018}.Release|Any CPU.ActiveCfg = Release|Any CPU
		{A29A8DAD-859B-4B64-83AA-4FDD3B530018}.Release|Any CPU.Build.0 = Release|Any CPU
		{4472ED80-B987-4B84-8663-33C90C96F328}.Debug|Any CPU.ActiveCfg = Debug|Any CPU
		{4472ED80-B987-4B84-8663-33C90C96F328}.Debug|Any CPU.Build.0 = Debug|Any CPU
		{4472ED80-B987-4B84-8663-33C90C96F328}.Release|Any CPU.ActiveCfg = Release|Any CPU
		{4472ED80-B987-4B84-8663-33C90C96F328}.Release|Any CPU.Build.0 = Release|Any CPU
		{E9C2DAED-753B-4ED7-8695-C0D24B138CA0}.Debug|Any CPU.ActiveCfg = Debug|Any CPU
		{E9C2DAED-753B-4ED7-8695-C0D24B138CA0}.Debug|Any CPU.Build.0 = Debug|Any CPU
		{E9C2DAED-753B-4ED7-8695-C0D24B138CA0}.Release|Any CPU.ActiveCfg = Release|Any CPU
		{E9C2DAED-753B-4ED7-8695-C0D24B138CA0}.Release|Any CPU.Build.0 = Release|Any CPU
		{42927855-5DE7-4FDC-83B3-CA2B17689DC3}.Debug|Any CPU.ActiveCfg = Debug|Any CPU
		{42927855-5DE7-4FDC-83B3-CA2B17689DC3}.Debug|Any CPU.Build.0 = Debug|Any CPU
		{42927855-5DE7-4FDC-83B3-CA2B17689DC3}.Release|Any CPU.ActiveCfg = Release|Any CPU
		{42927855-5DE7-4FDC-83B3-CA2B17689DC3}.Release|Any CPU.Build.0 = Release|Any CPU
		{53867542-9280-41AE-A02B-94CE0B371E1C}.Debug|Any CPU.ActiveCfg = Debug|Any CPU
		{53867542-9280-41AE-A02B-94CE0B371E1C}.Debug|Any CPU.Build.0 = Debug|Any CPU
		{53867542-9280-41AE-A02B-94CE0B371E1C}.Release|Any CPU.ActiveCfg = Release|Any CPU
		{53867542-9280-41AE-A02B-94CE0B371E1C}.Release|Any CPU.Build.0 = Release|Any CPU
		{1DF9B3F0-1295-41DA-AFA7-84C0D16201B4}.Debug|Any CPU.ActiveCfg = Debug|Any CPU
		{1DF9B3F0-1295-41DA-AFA7-84C0D16201B4}.Debug|Any CPU.Build.0 = Debug|Any CPU
		{1DF9B3F0-1295-41DA-AFA7-84C0D16201B4}.Release|Any CPU.ActiveCfg = Release|Any CPU
		{1DF9B3F0-1295-41DA-AFA7-84C0D16201B4}.Release|Any CPU.Build.0 = Release|Any CPU
		{9A77B3A3-406E-411F-B1FA-035FB0DFB7BC}.Debug|Any CPU.ActiveCfg = Debug|Any CPU
		{9A77B3A3-406E-411F-B1FA-035FB0DFB7BC}.Debug|Any CPU.Build.0 = Debug|Any CPU
		{9A77B3A3-406E-411F-B1FA-035FB0DFB7BC}.Release|Any CPU.ActiveCfg = Release|Any CPU
		{9A77B3A3-406E-411F-B1FA-035FB0DFB7BC}.Release|Any CPU.Build.0 = Release|Any CPU
		{25E4B7A9-4200-40C9-8452-47BA17D25346}.Debug|Any CPU.ActiveCfg = Debug|Any CPU
		{25E4B7A9-4200-40C9-8452-47BA17D25346}.Debug|Any CPU.Build.0 = Debug|Any CPU
		{25E4B7A9-4200-40C9-8452-47BA17D25346}.Release|Any CPU.ActiveCfg = Release|Any CPU
		{25E4B7A9-4200-40C9-8452-47BA17D25346}.Release|Any CPU.Build.0 = Release|Any CPU
		{91BA40C8-CA48-469C-91CC-3699EE63B25D}.Debug|Any CPU.ActiveCfg = Debug|Any CPU
		{91BA40C8-CA48-469C-91CC-3699EE63B25D}.Debug|Any CPU.Build.0 = Debug|Any CPU
		{91BA40C8-CA48-469C-91CC-3699EE63B25D}.Release|Any CPU.ActiveCfg = Release|Any CPU
		{91BA40C8-CA48-469C-91CC-3699EE63B25D}.Release|Any CPU.Build.0 = Release|Any CPU
		{27156135-4FD9-4462-ABE3-385AA45EA07E}.Debug|Any CPU.ActiveCfg = Debug|Any CPU
		{27156135-4FD9-4462-ABE3-385AA45EA07E}.Debug|Any CPU.Build.0 = Debug|Any CPU
		{27156135-4FD9-4462-ABE3-385AA45EA07E}.Release|Any CPU.ActiveCfg = Release|Any CPU
		{27156135-4FD9-4462-ABE3-385AA45EA07E}.Release|Any CPU.Build.0 = Release|Any CPU
		{51C75F23-8B46-40C5-954E-CFB1B9456F16}.Debug|Any CPU.ActiveCfg = Debug|Any CPU
		{51C75F23-8B46-40C5-954E-CFB1B9456F16}.Debug|Any CPU.Build.0 = Debug|Any CPU
		{51C75F23-8B46-40C5-954E-CFB1B9456F16}.Release|Any CPU.ActiveCfg = Release|Any CPU
		{51C75F23-8B46-40C5-954E-CFB1B9456F16}.Release|Any CPU.Build.0 = Release|Any CPU
	EndGlobalSection
	GlobalSection(SolutionProperties) = preSolution
		HideSolutionNode = FALSE
	EndGlobalSection
	GlobalSection(NestedProjects) = preSolution
		{8E701973-9205-4BF5-8087-518552779B55} = {24F3593F-61B0-4FC8-9B0C-0B103862884F}
		{4A808CBC-5EB4-49ED-A512-EB3E5B1D6166} = {860BE41E-F7B2-4650-AEA6-2735EFD738C1}
		{6CFE67B3-B84E-4041-9348-341891D0D324} = {9ACA977C-8C88-44E4-9A51-3E7C4E1D0BBC}
		{38C2710C-66A7-4C22-93E4-7F2A3DDAA7E6} = {9ACA977C-8C88-44E4-9A51-3E7C4E1D0BBC}
		{24255115-9E69-441E-B9F4-77B9204D63E9} = {9ACA977C-8C88-44E4-9A51-3E7C4E1D0BBC}
		{5352BDEE-EFB7-4857-8EA5-222B66E90FB4} = {9ACA977C-8C88-44E4-9A51-3E7C4E1D0BBC}
		{B5F0592F-E83C-43DE-8299-613E8CE69B91} = {9ACA977C-8C88-44E4-9A51-3E7C4E1D0BBC}
		{D7578210-736C-4648-8A29-0BE24ADAFD50} = {9ACA977C-8C88-44E4-9A51-3E7C4E1D0BBC}
		{34C63E77-F839-4235-9844-40C013FBBCC6} = {9ACA977C-8C88-44E4-9A51-3E7C4E1D0BBC}
		{9051A66D-14D8-4625-8F14-BDC55EC5A8D8} = {9ACA977C-8C88-44E4-9A51-3E7C4E1D0BBC}
		{8A5BDC24-4340-4337-A046-E132B7E6FE92} = {9ACA977C-8C88-44E4-9A51-3E7C4E1D0BBC}
		{E6576881-D096-4AD6-9E55-5DAAF9C0676E} = {9ACA977C-8C88-44E4-9A51-3E7C4E1D0BBC}
		{A29A8DAD-859B-4B64-83AA-4FDD3B530018} = {526710EA-6F0A-4FA2-B2A9-5DFE800C199A}
		{4472ED80-B987-4B84-8663-33C90C96F328} = {526710EA-6F0A-4FA2-B2A9-5DFE800C199A}
		{E9C2DAED-753B-4ED7-8695-C0D24B138CA0} = {526710EA-6F0A-4FA2-B2A9-5DFE800C199A}
		{42927855-5DE7-4FDC-83B3-CA2B17689DC3} = {526710EA-6F0A-4FA2-B2A9-5DFE800C199A}
		{53867542-9280-41AE-A02B-94CE0B371E1C} = {526710EA-6F0A-4FA2-B2A9-5DFE800C199A}
		{1DF9B3F0-1295-41DA-AFA7-84C0D16201B4} = {526710EA-6F0A-4FA2-B2A9-5DFE800C199A}
		{9A77B3A3-406E-411F-B1FA-035FB0DFB7BC} = {526710EA-6F0A-4FA2-B2A9-5DFE800C199A}
		{25E4B7A9-4200-40C9-8452-47BA17D25346} = {526710EA-6F0A-4FA2-B2A9-5DFE800C199A}
		{91BA40C8-CA48-469C-91CC-3699EE63B25D} = {526710EA-6F0A-4FA2-B2A9-5DFE800C199A}
		{27156135-4FD9-4462-ABE3-385AA45EA07E} = {526710EA-6F0A-4FA2-B2A9-5DFE800C199A}
		{51C75F23-8B46-40C5-954E-CFB1B9456F16} = {526710EA-6F0A-4FA2-B2A9-5DFE800C199A}
	EndGlobalSection
	GlobalSection(ExtensibilityGlobals) = postSolution
		SolutionGuid = {F7475913-692D-4E89-BC90-1F76560E4FE9}
	EndGlobalSection
EndGlobal
