
Microsoft Visual Studio Solution File, Format Version 12.00
# Visual Studio Version 17
VisualStudioVersion = 17.7.34031.279
MinimumVisualStudioVersion = 10.0.40219.1
Project("{2150E333-8FDC-42A3-9474-1A3956D46DE8}") = "01 Kintamieji", "01 Kintamieji", "{24F3593F-61B0-4FC8-9B0C-0B103862884F}"
EndProject
Project("{FAE04EC0-301F-11D3-BF4B-00C04F79EFBC}") = "Namu_darbas_kintamieji", "Namu_darbas\Namu_darbas_kintamieji.csproj", "{8E701973-9205-4BF5-8087-518552779B55}"
EndProject
Project("{2150E333-8FDC-42A3-9474-1A3956D46DE8}") = "02 Isvedimai", "02 Isvedimai", "{860BE41E-F7B2-4650-AEA6-2735EFD738C1}"
EndProject
Project("{FAE04EC0-301F-11D3-BF4B-00C04F79EFBC}") = "Uzduotis_1_6", "ConsoleApp2\Uzduotis_1_6.csproj", "{4A808CBC-5EB4-49ED-A512-EB3E5B1D6166}"
EndProject
Global
	GlobalSection(SolutionConfigurationPlatforms) = preSolution
		Debug|Any CPU = Debug|Any CPU
		Release|Any CPU = Release|Any CPU
	EndGlobalSection
	GlobalSection(ProjectConfigurationPlatforms) = postSolution
		{8E701973-9205-4BF5-8087-518552779B55}.Debug|Any CPU.ActiveCfg = Debug|Any CPU
		{8E701973-9205-4BF5-8087-518552779B55}.Debug|Any CPU.Build.0 = Debug|Any CPU
		{8E701973-9205-4BF5-8087-518552779B55}.Release|Any CPU.ActiveCfg = Release|Any CPU
		{8E701973-9205-4BF5-8087-518552779B55}.Release|Any CPU.Build.0 = Release|Any CPU
		{4A808CBC-5EB4-49ED-A512-EB3E5B1D6166}.Debug|Any CPU.ActiveCfg = Debug|Any CPU
		{4A808CBC-5EB4-49ED-A512-EB3E5B1D6166}.Debug|Any CPU.Build.0 = Debug|Any CPU
		{4A808CBC-5EB4-49ED-A512-EB3E5B1D6166}.Release|Any CPU.ActiveCfg = Release|Any CPU
		{4A808CBC-5EB4-49ED-A512-EB3E5B1D6166}.Release|Any CPU.Build.0 = Release|Any CPU
	EndGlobalSection
	GlobalSection(SolutionProperties) = preSolution
		HideSolutionNode = FALSE
	EndGlobalSection
	GlobalSection(NestedProjects) = preSolution
		{8E701973-9205-4BF5-8087-518552779B55} = {24F3593F-61B0-4FC8-9B0C-0B103862884F}
		{4A808CBC-5EB4-49ED-A512-EB3E5B1D6166} = {860BE41E-F7B2-4650-AEA6-2735EFD738C1}
	EndGlobalSection
	GlobalSection(ExtensibilityGlobals) = postSolution
		SolutionGuid = {F7475913-692D-4E89-BC90-1F76560E4FE9}
	EndGlobalSection
EndGlobal
